// !$*UTF8*$!
{
	archiveVersion = 1;
	classes = {
	};
	objectVersion = 55;
	objects = {

/* Begin PBXBuildFile section */
		184801A9273F82C60080568E /* AppDelegate.swift in Sources */ = {isa = PBXBuildFile; fileRef = 184801A8273F82C60080568E /* AppDelegate.swift */; };
		184801AB273F82C60080568E /* SceneDelegate.swift in Sources */ = {isa = PBXBuildFile; fileRef = 184801AA273F82C60080568E /* SceneDelegate.swift */; };
		184801AD273F82C60080568E /* ViewController.swift in Sources */ = {isa = PBXBuildFile; fileRef = 184801AC273F82C60080568E /* ViewController.swift */; };
		184801B0273F82C60080568E /* Main.storyboard in Resources */ = {isa = PBXBuildFile; fileRef = 184801AE273F82C60080568E /* Main.storyboard */; };
		184801B2273F82C70080568E /* Assets.xcassets in Resources */ = {isa = PBXBuildFile; fileRef = 184801B1273F82C70080568E /* Assets.xcassets */; };
		184801B5273F82C70080568E /* LaunchScreen.storyboard in Resources */ = {isa = PBXBuildFile; fileRef = 184801B3273F82C70080568E /* LaunchScreen.storyboard */; };
		18599441273F950800168350 /* GoogleService-Info.plist in Resources */ = {isa = PBXBuildFile; fileRef = 18599440273F950800168350 /* GoogleService-Info.plist */; };
		18B31EC7273F9B5800354CA2 /* Model.swift in Sources */ = {isa = PBXBuildFile; fileRef = 18B31EC6273F9B5800354CA2 /* Model.swift */; };
		71A01A34B4B93726538C2643 /* Pods_testNotifications.framework in Frameworks */ = {isa = PBXBuildFile; fileRef = A879B0872AA1416C5A65AA64 /* Pods_testNotifications.framework */; };
/* End PBXBuildFile section */

/* Begin PBXFileReference section */
		184801A5273F82C60080568E /* testNotifications.app */ = {isa = PBXFileReference; explicitFileType = wrapper.application; includeInIndex = 0; path = testNotifications.app; sourceTree = BUILT_PRODUCTS_DIR; };
		184801A8273F82C60080568E /* AppDelegate.swift */ = {isa = PBXFileReference; lastKnownFileType = sourcecode.swift; path = AppDelegate.swift; sourceTree = "<group>"; };
		184801AA273F82C60080568E /* SceneDelegate.swift */ = {isa = PBXFileReference; lastKnownFileType = sourcecode.swift; path = SceneDelegate.swift; sourceTree = "<group>"; };
		184801AC273F82C60080568E /* ViewController.swift */ = {isa = PBXFileReference; lastKnownFileType = sourcecode.swift; path = ViewController.swift; sourceTree = "<group>"; };
		184801AF273F82C60080568E /* Base */ = {isa = PBXFileReference; lastKnownFileType = file.storyboard; name = Base; path = Base.lproj/Main.storyboard; sourceTree = "<group>"; };
		184801B1273F82C70080568E /* Assets.xcassets */ = {isa = PBXFileReference; lastKnownFileType = folder.assetcatalog; path = Assets.xcassets; sourceTree = "<group>"; };
		184801B4273F82C70080568E /* Base */ = {isa = PBXFileReference; lastKnownFileType = file.storyboard; name = Base; path = Base.lproj/LaunchScreen.storyboard; sourceTree = "<group>"; };
		184801B6273F82C70080568E /* Info.plist */ = {isa = PBXFileReference; lastKnownFileType = text.plist.xml; path = Info.plist; sourceTree = "<group>"; };
		184801BC273F82DF0080568E /* testNotifications.entitlements */ = {isa = PBXFileReference; lastKnownFileType = text.plist.entitlements; path = testNotifications.entitlements; sourceTree = "<group>"; };
		18599440273F950800168350 /* GoogleService-Info.plist */ = {isa = PBXFileReference; fileEncoding = 4; lastKnownFileType = text.plist.xml; path = "GoogleService-Info.plist"; sourceTree = "<group>"; };
		18B31EC6273F9B5800354CA2 /* Model.swift */ = {isa = PBXFileReference; lastKnownFileType = sourcecode.swift; path = Model.swift; sourceTree = "<group>"; };
		2173F544AC26D69D83F0350D /* Pods-testNotifications.debug.xcconfig */ = {isa = PBXFileReference; includeInIndex = 1; lastKnownFileType = text.xcconfig; name = "Pods-testNotifications.debug.xcconfig"; path = "Target Support Files/Pods-testNotifications/Pods-testNotifications.debug.xcconfig"; sourceTree = "<group>"; };
		A879B0872AA1416C5A65AA64 /* Pods_testNotifications.framework */ = {isa = PBXFileReference; explicitFileType = wrapper.framework; includeInIndex = 0; path = Pods_testNotifications.framework; sourceTree = BUILT_PRODUCTS_DIR; };
		B8C2429ECDB7404A8071EAAD /* Pods-testNotifications.release.xcconfig */ = {isa = PBXFileReference; includeInIndex = 1; lastKnownFileType = text.xcconfig; name = "Pods-testNotifications.release.xcconfig"; path = "Target Support Files/Pods-testNotifications/Pods-testNotifications.release.xcconfig"; sourceTree = "<group>"; };
/* End PBXFileReference section */

/* Begin PBXFrameworksBuildPhase section */
		184801A2273F82C60080568E /* Frameworks */ = {
			isa = PBXFrameworksBuildPhase;
			buildActionMask = 2147483647;
			files = (
				71A01A34B4B93726538C2643 /* Pods_testNotifications.framework in Frameworks */,
			);
			runOnlyForDeploymentPostprocessing = 0;
		};
/* End PBXFrameworksBuildPhase section */

/* Begin PBXGroup section */
		1848019C273F82C60080568E = {
			isa = PBXGroup;
			children = (
				184801A7273F82C60080568E /* testNotifications */,
				184801A6273F82C60080568E /* Products */,
				AE9BF4AE601B75D1D2BC4ACD /* Pods */,
				A02C018A144FF5E0AE82FA67 /* Frameworks */,
			);
			sourceTree = "<group>";
		};
		184801A6273F82C60080568E /* Products */ = {
			isa = PBXGroup;
			children = (
				184801A5273F82C60080568E /* testNotifications.app */,
			);
			name = Products;
			sourceTree = "<group>";
		};
		184801A7273F82C60080568E /* testNotifications */ = {
			isa = PBXGroup;
			children = (
				184801BC273F82DF0080568E /* testNotifications.entitlements */,
				184801A8273F82C60080568E /* AppDelegate.swift */,
				184801AA273F82C60080568E /* SceneDelegate.swift */,
				184801AC273F82C60080568E /* ViewController.swift */,
				184801AE273F82C60080568E /* Main.storyboard */,
				18599440273F950800168350 /* GoogleService-Info.plist */,
				184801B1273F82C70080568E /* Assets.xcassets */,
				184801B3273F82C70080568E /* LaunchScreen.storyboard */,
				184801B6273F82C70080568E /* Info.plist */,
				18B31EC6273F9B5800354CA2 /* Model.swift */,
			);
			path = testNotifications;
			sourceTree = "<group>";
		};
		A02C018A144FF5E0AE82FA67 /* Frameworks */ = {
			isa = PBXGroup;
			children = (
				A879B0872AA1416C5A65AA64 /* Pods_testNotifications.framework */,
			);
			name = Frameworks;
			sourceTree = "<group>";
		};
		AE9BF4AE601B75D1D2BC4ACD /* Pods */ = {
			isa = PBXGroup;
			children = (
				2173F544AC26D69D83F0350D /* Pods-testNotifications.debug.xcconfig */,
				B8C2429ECDB7404A8071EAAD /* Pods-testNotifications.release.xcconfig */,
			);
			path = Pods;
			sourceTree = "<group>";
		};
/* End PBXGroup section */

/* Begin PBXNativeTarget section */
		184801A4273F82C60080568E /* testNotifications */ = {
			isa = PBXNativeTarget;
			buildConfigurationList = 184801B9273F82C70080568E /* Build configuration list for PBXNativeTarget "testNotifications" */;
			buildPhases = (
				CD30C07C89091AFCC89968D7 /* [CP] Check Pods Manifest.lock */,
				184801A1273F82C60080568E /* Sources */,
				184801A2273F82C60080568E /* Frameworks */,
				184801A3273F82C60080568E /* Resources */,
				2FA09275BABD5A20A9988AD4 /* [CP] Embed Pods Frameworks */,
			);
			buildRules = (
			);
			dependencies = (
			);
			name = testNotifications;
			productName = testNotifications;
			productReference = 184801A5273F82C60080568E /* testNotifications.app */;
			productType = "com.apple.product-type.application";
		};
/* End PBXNativeTarget section */

/* Begin PBXProject section */
		1848019D273F82C60080568E /* Project object */ = {
			isa = PBXProject;
			attributes = {
				BuildIndependentTargetsInParallel = 1;
				LastSwiftUpdateCheck = 1300;
				LastUpgradeCheck = 1300;
				TargetAttributes = {
					184801A4273F82C60080568E = {
						CreatedOnToolsVersion = 13.0;
					};
				};
			};
			buildConfigurationList = 184801A0273F82C60080568E /* Build configuration list for PBXProject "testNotifications" */;
			compatibilityVersion = "Xcode 13.0";
			developmentRegion = en;
			hasScannedForEncodings = 0;
			knownRegions = (
				en,
				Base,
			);
			mainGroup = 1848019C273F82C60080568E;
			productRefGroup = 184801A6273F82C60080568E /* Products */;
			projectDirPath = "";
			projectRoot = "";
			targets = (
				184801A4273F82C60080568E /* testNotifications */,
			);
		};
/* End PBXProject section */

/* Begin PBXResourcesBuildPhase section */
		184801A3273F82C60080568E /* Resources */ = {
			isa = PBXResourcesBuildPhase;
			buildActionMask = 2147483647;
			files = (
				184801B5273F82C70080568E /* LaunchScreen.storyboard in Resources */,
				184801B2273F82C70080568E /* Assets.xcassets in Resources */,
				18599441273F950800168350 /* GoogleService-Info.plist in Resources */,
				184801B0273F82C60080568E /* Main.storyboard in Resources */,
			);
			runOnlyForDeploymentPostprocessing = 0;
		};
/* End PBXResourcesBuildPhase section */

/* Begin PBXShellScriptBuildPhase section */
		2FA09275BABD5A20A9988AD4 /* [CP] Embed Pods Frameworks */ = {
			isa = PBXShellScriptBuildPhase;
			buildActionMask = 2147483647;
			files = (
			);
			inputFileListPaths = (
				"${PODS_ROOT}/Target Support Files/Pods-testNotifications/Pods-testNotifications-frameworks-${CONFIGURATION}-input-files.xcfilelist",
			);
			name = "[CP] Embed Pods Frameworks";
			outputFileListPaths = (
				"${PODS_ROOT}/Target Support Files/Pods-testNotifications/Pods-testNotifications-frameworks-${CONFIGURATION}-output-files.xcfilelist",
			);
			runOnlyForDeploymentPostprocessing = 0;
			shellPath = /bin/sh;
			shellScript = "\"${PODS_ROOT}/Target Support Files/Pods-testNotifications/Pods-testNotifications-frameworks.sh\"\n";
			showEnvVarsInLog = 0;
		};
		CD30C07C89091AFCC89968D7 /* [CP] Check Pods Manifest.lock */ = {
			isa = PBXShellScriptBuildPhase;
			buildActionMask = 2147483647;
			files = (
			);
			inputFileListPaths = (
			);
			inputPaths = (
				"${PODS_PODFILE_DIR_PATH}/Podfile.lock",
				"${PODS_ROOT}/Manifest.lock",
			);
			name = "[CP] Check Pods Manifest.lock";
			outputFileListPaths = (
			);
			outputPaths = (
				"$(DERIVED_FILE_DIR)/Pods-testNotifications-checkManifestLockResult.txt",
			);
			runOnlyForDeploymentPostprocessing = 0;
			shellPath = /bin/sh;
			shellScript = "diff \"${PODS_PODFILE_DIR_PATH}/Podfile.lock\" \"${PODS_ROOT}/Manifest.lock\" > /dev/null\nif [ $? != 0 ] ; then\n    # print error to STDERR\n    echo \"error: The sandbox is not in sync with the Podfile.lock. Run 'pod install' or update your CocoaPods installation.\" >&2\n    exit 1\nfi\n# This output is used by Xcode 'outputs' to avoid re-running this script phase.\necho \"SUCCESS\" > \"${SCRIPT_OUTPUT_FILE_0}\"\n";
			showEnvVarsInLog = 0;
		};
/* End PBXShellScriptBuildPhase section */

/* Begin PBXSourcesBuildPhase section */
		184801A1273F82C60080568E /* Sources */ = {
			isa = PBXSourcesBuildPhase;
			buildActionMask = 2147483647;
			files = (
				184801AD273F82C60080568E /* ViewController.swift in Sources */,
				184801A9273F82C60080568E /* AppDelegate.swift in Sources */,
				184801AB273F82C60080568E /* SceneDelegate.swift in Sources */,
				18B31EC7273F9B5800354CA2 /* Model.swift in Sources */,
			);
			runOnlyForDeploymentPostprocessing = 0;
		};
/* End PBXSourcesBuildPhase section */

/* Begin PBXVariantGroup section */
		184801AE273F82C60080568E /* Main.storyboard */ = {
			isa = PBXVariantGroup;
			children = (
				184801AF273F82C60080568E /* Base */,
			);
			name = Main.storyboard;
			sourceTree = "<group>";
		};
		184801B3273F82C70080568E /* LaunchScreen.storyboard */ = {
			isa = PBXVariantGroup;
			children = (
				184801B4273F82C70080568E /* Base */,
			);
			name = LaunchScreen.storyboard;
			sourceTree = "<group>";
		};
/* End PBXVariantGroup section */

/* Begin XCBuildConfiguration section */
		184801B7273F82C70080568E /* Debug */ = {
			isa = XCBuildConfiguration;
			buildSettings = {
				ALWAYS_SEARCH_USER_PATHS = NO;
				CLANG_ANALYZER_NONNULL = YES;
				CLANG_ANALYZER_NUMBER_OBJECT_CONVERSION = YES_AGGRESSIVE;
				CLANG_CXX_LANGUAGE_STANDARD = "gnu++17";
				CLANG_CXX_LIBRARY = "libc++";
				CLANG_ENABLE_MODULES = YES;
				CLANG_ENABLE_OBJC_ARC = YES;
				CLANG_ENABLE_OBJC_WEAK = YES;
				CLANG_WARN_BLOCK_CAPTURE_AUTORELEASING = YES;
				CLANG_WARN_BOOL_CONVERSION = YES;
				CLANG_WARN_COMMA = YES;
				CLANG_WARN_CONSTANT_CONVERSION = YES;
				CLANG_WARN_DEPRECATED_OBJC_IMPLEMENTATIONS = YES;
				CLANG_WARN_DIRECT_OBJC_ISA_USAGE = YES_ERROR;
				CLANG_WARN_DOCUMENTATION_COMMENTS = YES;
				CLANG_WARN_EMPTY_BODY = YES;
				CLANG_WARN_ENUM_CONVERSION = YES;
				CLANG_WARN_INFINITE_RECURSION = YES;
				CLANG_WARN_INT_CONVERSION = YES;
				CLANG_WARN_NON_LITERAL_NULL_CONVERSION = YES;
				CLANG_WARN_OBJC_IMPLICIT_RETAIN_SELF = YES;
				CLANG_WARN_OBJC_LITERAL_CONVERSION = YES;
				CLANG_WARN_OBJC_ROOT_CLASS = YES_ERROR;
				CLANG_WARN_QUOTED_INCLUDE_IN_FRAMEWORK_HEADER = YES;
				CLANG_WARN_RANGE_LOOP_ANALYSIS = YES;
				CLANG_WARN_STRICT_PROTOTYPES = YES;
				CLANG_WARN_SUSPICIOUS_MOVE = YES;
				CLANG_WARN_UNGUARDED_AVAILABILITY = YES_AGGRESSIVE;
				CLANG_WARN_UNREACHABLE_CODE = YES;
				CLANG_WARN__DUPLICATE_METHOD_MATCH = YES;
				COPY_PHASE_STRIP = NO;
				DEBUG_INFORMATION_FORMAT = dwarf;
				ENABLE_STRICT_OBJC_MSGSEND = YES;
				ENABLE_TESTABILITY = YES;
				GCC_C_LANGUAGE_STANDARD = gnu11;
				GCC_DYNAMIC_NO_PIC = NO;
				GCC_NO_COMMON_BLOCKS = YES;
				GCC_OPTIMIZATION_LEVEL = 0;
				GCC_PREPROCESSOR_DEFINITIONS = (
					"DEBUG=1",
					"$(inherited)",
				);
				GCC_WARN_64_TO_32_BIT_CONVERSION = YES;
				GCC_WARN_ABOUT_RETURN_TYPE = YES_ERROR;
				GCC_WARN_UNDECLARED_SELECTOR = YES;
				GCC_WARN_UNINITIALIZED_AUTOS = YES_AGGRESSIVE;
				GCC_WARN_UNUSED_FUNCTION = YES;
				GCC_WARN_UNUSED_VARIABLE = YES;
				IPHONEOS_DEPLOYMENT_TARGET = 15.0;
				MTL_ENABLE_DEBUG_INFO = INCLUDE_SOURCE;
				MTL_FAST_MATH = YES;
				ONLY_ACTIVE_ARCH = YES;
				SDKROOT = iphoneos;
				SWIFT_ACTIVE_COMPILATION_CONDITIONS = DEBUG;
				SWIFT_OPTIMIZATION_LEVEL = "-Onone";
			};
			name = Debug;
		};
		184801B8273F82C70080568E /* Release */ = {
			isa = XCBuildConfiguration;
			buildSettings = {
				ALWAYS_SEARCH_USER_PATHS = NO;
				CLANG_ANALYZER_NONNULL = YES;
				CLANG_ANALYZER_NUMBER_OBJECT_CONVERSION = YES_AGGRESSIVE;
				CLANG_CXX_LANGUAGE_STANDARD = "gnu++17";
				CLANG_CXX_LIBRARY = "libc++";
				CLANG_ENABLE_MODULES = YES;
				CLANG_ENABLE_OBJC_ARC = YES;
				CLANG_ENABLE_OBJC_WEAK = YES;
				CLANG_WARN_BLOCK_CAPTURE_AUTORELEASING = YES;
				CLANG_WARN_BOOL_CONVERSION = YES;
				CLANG_WARN_COMMA = YES;
				CLANG_WARN_CONSTANT_CONVERSION = YES;
				CLANG_WARN_DEPRECATED_OBJC_IMPLEMENTATIONS = YES;
				CLANG_WARN_DIRECT_OBJC_ISA_USAGE = YES_ERROR;
				CLANG_WARN_DOCUMENTATION_COMMENTS = YES;
				CLANG_WARN_EMPTY_BODY = YES;
				CLANG_WARN_ENUM_CONVERSION = YES;
				CLANG_WARN_INFINITE_RECURSION = YES;
				CLANG_WARN_INT_CONVERSION = YES;
				CLANG_WARN_NON_LITERAL_NULL_CONVERSION = YES;
				CLANG_WARN_OBJC_IMPLICIT_RETAIN_SELF = YES;
				CLANG_WARN_OBJC_LITERAL_CONVERSION = YES;
				CLANG_WARN_OBJC_ROOT_CLASS = YES_ERROR;
				CLANG_WARN_QUOTED_INCLUDE_IN_FRAMEWORK_HEADER = YES;
				CLANG_WARN_RANGE_LOOP_ANALYSIS = YES;
				CLANG_WARN_STRICT_PROTOTYPES = YES;
				CLANG_WARN_SUSPICIOUS_MOVE = YES;
				CLANG_WARN_UNGUARDED_AVAILABILITY = YES_AGGRESSIVE;
				CLANG_WARN_UNREACHABLE_CODE = YES;
				CLANG_WARN__DUPLICATE_METHOD_MATCH = YES;
				COPY_PHASE_STRIP = NO;
				DEBUG_INFORMATION_FORMAT = "dwarf-with-dsym";
				ENABLE_NS_ASSERTIONS = NO;
				ENABLE_STRICT_OBJC_MSGSEND = YES;
				GCC_C_LANGUAGE_STANDARD = gnu11;
				GCC_NO_COMMON_BLOCKS = YES;
				GCC_WARN_64_TO_32_BIT_CONVERSION = YES;
				GCC_WARN_ABOUT_RETURN_TYPE = YES_ERROR;
				GCC_WARN_UNDECLARED_SELECTOR = YES;
				GCC_WARN_UNINITIALIZED_AUTOS = YES_AGGRESSIVE;
				GCC_WARN_UNUSED_FUNCTION = YES;
				GCC_WARN_UNUSED_VARIABLE = YES;
				IPHONEOS_DEPLOYMENT_TARGET = 15.0;
				MTL_ENABLE_DEBUG_INFO = NO;
				MTL_FAST_MATH = YES;
				SDKROOT = iphoneos;
				SWIFT_COMPILATION_MODE = wholemodule;
				SWIFT_OPTIMIZATION_LEVEL = "-O";
				VALIDATE_PRODUCT = YES;
			};
			name = Release;
		};
		184801BA273F82C70080568E /* Debug */ = {
			isa = XCBuildConfiguration;
			baseConfigurationReference = 2173F544AC26D69D83F0350D /* Pods-testNotifications.debug.xcconfig */;
			buildSettings = {
				ASSETCATALOG_COMPILER_APPICON_NAME = AppIcon;
				ASSETCATALOG_COMPILER_GLOBAL_ACCENT_COLOR_NAME = AccentColor;
				CODE_SIGN_ENTITLEMENTS = testNotifications/testNotifications.entitlements;
				CODE_SIGN_IDENTITY = "iPhone Developer";
				CODE_SIGN_STYLE = Manual;
				CURRENT_PROJECT_VERSION = 1;
				DEVELOPMENT_TEAM = QJTHCRPZQA;
				GENERATE_INFOPLIST_FILE = YES;
				INFOPLIST_FILE = testNotifications/Info.plist;
				INFOPLIST_KEY_UIApplicationSupportsIndirectInputEvents = YES;
				INFOPLIST_KEY_UILaunchStoryboardName = LaunchScreen;
				INFOPLIST_KEY_UIMainStoryboardFile = Main;
				INFOPLIST_KEY_UISupportedInterfaceOrientations_iPad = "UIInterfaceOrientationPortrait UIInterfaceOrientationPortraitUpsideDown UIInterfaceOrientationLandscapeLeft UIInterfaceOrientationLandscapeRight";
				INFOPLIST_KEY_UISupportedInterfaceOrientations_iPhone = "UIInterfaceOrientationPortrait UIInterfaceOrientationLandscapeLeft UIInterfaceOrientationLandscapeRight";
				LD_RUNPATH_SEARCH_PATHS = (
					"$(inherited)",
					"@executable_path/Frameworks",
				);
				MARKETING_VERSION = 1.0;
				PRODUCT_BUNDLE_IDENTIFIER = com.easifixxpro.providerapp;
				PRODUCT_NAME = "$(TARGET_NAME)";
				PROVISIONING_PROFILE_SPECIFIER = easifixxproproviderapp_Dev;
				SWIFT_EMIT_LOC_STRINGS = YES;
				SWIFT_VERSION = 5.0;
				TARGETED_DEVICE_FAMILY = "1,2";
			};
			name = Debug;
		};
		184801BB273F82C70080568E /* Release */ = {
			isa = XCBuildConfiguration;
			baseConfigurationReference = B8C2429ECDB7404A8071EAAD /* Pods-testNotifications.release.xcconfig */;
			buildSettings = {
				ASSETCATALOG_COMPILER_APPICON_NAME = AppIcon;
				ASSETCATALOG_COMPILER_GLOBAL_ACCENT_COLOR_NAME = AccentColor;
				CODE_SIGN_ENTITLEMENTS = testNotifications/testNotifications.entitlements;
				CODE_SIGN_IDENTITY = "iPhone Developer";
				CODE_SIGN_STYLE = Manual;
				CURRENT_PROJECT_VERSION = 1;
				DEVELOPMENT_TEAM = QJTHCRPZQA;
				GENERATE_INFOPLIST_FILE = YES;
				INFOPLIST_FILE = testNotifications/Info.plist;
				INFOPLIST_KEY_UIApplicationSupportsIndirectInputEvents = YES;
				INFOPLIST_KEY_UILaunchStoryboardName = LaunchScreen;
				INFOPLIST_KEY_UIMainStoryboardFile = Main;
				INFOPLIST_KEY_UISupportedInterfaceOrientations_iPad = "UIInterfaceOrientationPortrait UIInterfaceOrientationPortraitUpsideDown UIInterfaceOrientationLandscapeLeft UIInterfaceOrientationLandscapeRight";
				INFOPLIST_KEY_UISupportedInterfaceOrientations_iPhone = "UIInterfaceOrientationPortrait UIInterfaceOrientationLandscapeLeft UIInterfaceOrientationLandscapeRight";
				LD_RUNPATH_SEARCH_PATHS = (
					"$(inherited)",
					"@executable_path/Frameworks",
				);
				MARKETING_VERSION = 1.0;
				PRODUCT_BUNDLE_IDENTIFIER = com.easifixxpro.providerapp;
				PRODUCT_NAME = "$(TARGET_NAME)";
				PROVISIONING_PROFILE_SPECIFIER = easifixxproproviderapp_Dev;
				SWIFT_EMIT_LOC_STRINGS = YES;
				SWIFT_VERSION = 5.0;
				TARGETED_DEVICE_FAMILY = "1,2";
			};
			name = Release;
		};
/* End XCBuildConfiguration section */

/* Begin XCConfigurationList section */
		184801A0273F82C60080568E /* Build configuration list for PBXProject "testNotifications" */ = {
			isa = XCConfigurationList;
			buildConfigurations = (
				184801B7273F82C70080568E /* Debug */,
				184801B8273F82C70080568E /* Release */,
			);
			defaultConfigurationIsVisible = 0;
			defaultConfigurationName = Release;
		};
		184801B9273F82C70080568E /* Build configuration list for PBXNativeTarget "testNotifications" */ = {
			isa = XCConfigurationList;
			buildConfigurations = (
				184801BA273F82C70080568E /* Debug */,
				184801BB273F82C70080568E /* Release */,
			);
			defaultConfigurationIsVisible = 0;
			defaultConfigurationName = Release;
		};
/* End XCConfigurationList section */
	};
	rootObject = 1848019D273F82C60080568E /* Project object */;
}
